
Microsoft Visual Studio Solution File, Format Version 12.00
# Visual Studio Version 17
VisualStudioVersion = 17.0.31903.59
MinimumVisualStudioVersion = 10.0.40219.1
Project("{FAE04EC0-301F-11D3-BF4B-00C04F79EFBC}") = "common", "common\common.csproj", "{AC3D1B74-E613-4302-A3D7-4FFF312757E4}"
EndProject
Project("{FAE04EC0-301F-11D3-BF4B-00C04F79EFBC}") = "DungeonGen", "DungeonGen\DungeonGen.csproj", "{8986A619-F93F-459B-89D2-2C4084E9820E}"
EndProject
Project("{FAE04EC0-301F-11D3-BF4B-00C04F79EFBC}") = "wServer", "wServer\wServer.csproj", "{D7A50141-E037-428C-80BF-F8E735F3A870}"
EndProject
Global
	GlobalSection(SolutionConfigurationPlatforms) = preSolution
		Debug|Any CPU = Debug|Any CPU
		Release|Any CPU = Release|Any CPU
	EndGlobalSection
	GlobalSection(SolutionProperties) = preSolution
		HideSolutionNode = FALSE
	EndGlobalSection
	GlobalSection(ProjectConfigurationPlatforms) = postSolution
		{AC3D1B74-E613-4302-A3D7-4FFF312757E4}.Release|Any CPU.ActiveCfg = Release|Any CPU
		{AC3D1B74-E613-4302-A3D7-4FFF312757E4}.Release|Any CPU.Build.0 = Release|Any CPU
		{AC3D1B74-E613-4302-A3D7-4FFF312757E4}.Debug|Any CPU.ActiveCfg = Debug|Any CPU
		{AC3D1B74-E613-4302-A3D7-4FFF312757E4}.Debug|Any CPU.Build.0 = Debug|Any CPU
		{8986A619-F93F-459B-89D2-2C4084E9820E}.Release|Any CPU.ActiveCfg = Release|Any CPU
		{8986A619-F93F-459B-89D2-2C4084E9820E}.Release|Any CPU.Build.0 = Release|Any CPU
		{8986A619-F93F-459B-89D2-2C4084E9820E}.Debug|Any CPU.ActiveCfg = Debug|Any CPU
		{8986A619-F93F-459B-89D2-2C4084E9820E}.Debug|Any CPU.Build.0 = Debug|Any CPU
		{D7A50141-E037-428C-80BF-F8E735F3A870}.Release|Any CPU.ActiveCfg = Release|Any CPU
		{D7A50141-E037-428C-80BF-F8E735F3A870}.Release|Any CPU.Build.0 = Release|Any CPU
		{D7A50141-E037-428C-80BF-F8E735F3A870}.Debug|Any CPU.ActiveCfg = Debug|Any CPU
		{D7A50141-E037-428C-80BF-F8E735F3A870}.Debug|Any CPU.Build.0 = Debug|Any CPU
	EndGlobalSection
EndGlobal
