
Microsoft Visual Studio Solution File, Format Version 12.00
# Visual Studio Version 16
VisualStudioVersion = 16.0.29201.188
MinimumVisualStudioVersion = 10.0.40219.1
Project("{FAE04EC0-301F-11D3-BF4B-00C04F79EFBC}") = "common", "common\common.csproj", "{05D3CA7D-7E4E-4401-BC92-4A988A433C93}"
EndProject
Project("{FAE04EC0-301F-11D3-BF4B-00C04F79EFBC}") = "server", "server\server.csproj", "{B1818AC9-60C7-4E27-AEEA-029815908364}"
EndProject
Project("{2150E333-8FDC-42A3-9474-1A3956D46DE8}") = "Solution Items", "Solution Items", "{8676B034-2A70-4675-A54D-4C07D0A29B6C}"
	ProjectSection(SolutionItems) = preProject
		LICENSE = LICENSE
		README.md = README.md
		RotMG.Common.dll = RotMG.Common.dll
	EndProjectSection
EndProject
Project("{FAE04EC0-301F-11D3-BF4B-00C04F79EFBC}") = "wServer", "wServer\wServer.csproj", "{13B061EF-7E9F-40A7-A4E3-DA6EEF11A568}"
EndProject
Project("{FAE04EC0-301F-11D3-BF4B-00C04F79EFBC}") = "DungeonGen", "DungeonGen\DungeonGen.csproj", "{E3061024-61ED-46AA-8A0D-CD9747E7BFAE}"
EndProject
Global
	GlobalSection(SolutionConfigurationPlatforms) = preSolution
		Debug|Any CPU = Debug|Any CPU
		Release|Any CPU = Release|Any CPU
	EndGlobalSection
	GlobalSection(ProjectConfigurationPlatforms) = postSolution
		{05D3CA7D-7E4E-4401-BC92-4A988A433C93}.Debug|Any CPU.ActiveCfg = Debug|Any CPU
		{05D3CA7D-7E4E-4401-BC92-4A988A433C93}.Debug|Any CPU.Build.0 = Debug|Any CPU
		{05D3CA7D-7E4E-4401-BC92-4A988A433C93}.Release|Any CPU.ActiveCfg = Release|Any CPU
		{05D3CA7D-7E4E-4401-BC92-4A988A433C93}.Release|Any CPU.Build.0 = Release|Any CPU
		{B1818AC9-60C7-4E27-AEEA-029815908364}.Debug|Any CPU.ActiveCfg = Debug|Any CPU
		{B1818AC9-60C7-4E27-AEEA-029815908364}.Debug|Any CPU.Build.0 = Debug|Any CPU
		{B1818AC9-60C7-4E27-AEEA-029815908364}.Release|Any CPU.ActiveCfg = Release|Any CPU
		{B1818AC9-60C7-4E27-AEEA-029815908364}.Release|Any CPU.Build.0 = Release|Any CPU
		{13B061EF-7E9F-40A7-A4E3-DA6EEF11A568}.Debug|Any CPU.ActiveCfg = Debug|Any CPU
		{13B061EF-7E9F-40A7-A4E3-DA6EEF11A568}.Debug|Any CPU.Build.0 = Debug|Any CPU
		{13B061EF-7E9F-40A7-A4E3-DA6EEF11A568}.Release|Any CPU.ActiveCfg = Release|Any CPU
		{13B061EF-7E9F-40A7-A4E3-DA6EEF11A568}.Release|Any CPU.Build.0 = Release|Any CPU
		{E3061024-61ED-46AA-8A0D-CD9747E7BFAE}.Debug|Any CPU.ActiveCfg = Debug|Any CPU
		{E3061024-61ED-46AA-8A0D-CD9747E7BFAE}.Debug|Any CPU.Build.0 = Debug|Any CPU
		{E3061024-61ED-46AA-8A0D-CD9747E7BFAE}.Release|Any CPU.ActiveCfg = Release|Any CPU
		{E3061024-61ED-46AA-8A0D-CD9747E7BFAE}.Release|Any CPU.Build.0 = Release|Any CPU
	EndGlobalSection
	GlobalSection(SolutionProperties) = preSolution
		HideSolutionNode = FALSE
	EndGlobalSection
	GlobalSection(ExtensibilityGlobals) = postSolution
		SolutionGuid = {E7AFEAF5-AF5C-409C-8EEA-63D690E643D7}
	EndGlobalSection
EndGlobal
